
Microsoft Visual Studio Solution File, Format Version 12.00
# Visual Studio Version 17
VisualStudioVersion = 17.2.32516.85
MinimumVisualStudioVersion = 10.0.40219.1
Project("{FAE04EC0-301F-11D3-BF4B-00C04F79EFBC}") = "AuthorizationOddskingPageTests", "AuthorizationOddskingPageTests\AuthorizationOddskingPageTests.csproj", "{401653C5-9779-4857-872A-00F9989ABF7A}"
EndProject
Global
	GlobalSection(SolutionConfigurationPlatforms) = preSolution
		Debug|Any CPU = Debug|Any CPU
		Release|Any CPU = Release|Any CPU
	EndGlobalSection
	GlobalSection(ProjectConfigurationPlatforms) = postSolution
		{401653C5-9779-4857-872A-00F9989ABF7A}.Debug|Any CPU.ActiveCfg = Debug|Any CPU
		{401653C5-9779-4857-872A-00F9989ABF7A}.Debug|Any CPU.Build.0 = Debug|Any CPU
		{401653C5-9779-4857-872A-00F9989ABF7A}.Release|Any CPU.ActiveCfg = Release|Any CPU
		{401653C5-9779-4857-872A-00F9989ABF7A}.Release|Any CPU.Build.0 = Release|Any CPU
	EndGlobalSection
	GlobalSection(SolutionProperties) = preSolution
		HideSolutionNode = FALSE
	EndGlobalSection
	GlobalSection(ExtensibilityGlobals) = postSolution
		SolutionGuid = {CAB3DE63-EF91-4184-9551-A126DC9EBD87}
	EndGlobalSection
EndGlobal
